// !$*UTF8*$!
{
	archiveVersion = 1;
	classes = {
	};
	objectVersion = 50;
	objects = {

/* Begin PBXBuildFile section */
		B83F857B21039E17007B9333 /* AppDelegate.swift in Sources */ = {isa = PBXBuildFile; fileRef = B83F857A21039E17007B9333 /* AppDelegate.swift */; };
		B83F857D21039E17007B9333 /* GameScene.sks in Resources */ = {isa = PBXBuildFile; fileRef = B83F857C21039E17007B9333 /* GameScene.sks */; };
		B83F857F21039E17007B9333 /* Actions.sks in Resources */ = {isa = PBXBuildFile; fileRef = B83F857E21039E17007B9333 /* Actions.sks */; };
		B83F858121039E17007B9333 /* GameScene.swift in Sources */ = {isa = PBXBuildFile; fileRef = B83F858021039E17007B9333 /* GameScene.swift */; };
		B83F858321039E17007B9333 /* GameViewController.swift in Sources */ = {isa = PBXBuildFile; fileRef = B83F858221039E17007B9333 /* GameViewController.swift */; };
		B83F858621039E17007B9333 /* Main.storyboard in Resources */ = {isa = PBXBuildFile; fileRef = B83F858421039E17007B9333 /* Main.storyboard */; };
		B83F858821039E1D007B9333 /* Assets.xcassets in Resources */ = {isa = PBXBuildFile; fileRef = B83F858721039E1D007B9333 /* Assets.xcassets */; };
		B83F858B21039E1D007B9333 /* LaunchScreen.storyboard in Resources */ = {isa = PBXBuildFile; fileRef = B83F858921039E1D007B9333 /* LaunchScreen.storyboard */; };
		B83F859621039E1D007B9333 /* SampleProjectTests.swift in Sources */ = {isa = PBXBuildFile; fileRef = B83F859521039E1D007B9333 /* SampleProjectTests.swift */; };
		B83F85A121039E1D007B9333 /* SampleProjectUITests.swift in Sources */ = {isa = PBXBuildFile; fileRef = B83F85A021039E1D007B9333 /* SampleProjectUITests.swift */; };
/* End PBXBuildFile section */

/* Begin PBXContainerItemProxy section */
		B83F859221039E1D007B9333 /* PBXContainerItemProxy */ = {
			isa = PBXContainerItemProxy;
			containerPortal = B83F856F21039E17007B9333 /* Project object */;
			proxyType = 1;
			remoteGlobalIDString = B83F857621039E17007B9333;
			remoteInfo = SampleProject;
		};
		B83F859D21039E1D007B9333 /* PBXContainerItemProxy */ = {
			isa = PBXContainerItemProxy;
			containerPortal = B83F856F21039E17007B9333 /* Project object */;
			proxyType = 1;
			remoteGlobalIDString = B83F857621039E17007B9333;
			remoteInfo = SampleProject;
		};
/* End PBXContainerItemProxy section */

/* Begin PBXFileReference section */
		B83F857721039E17007B9333 /* SampleProject.app */ = {isa = PBXFileReference; explicitFileType = wrapper.application; includeInIndex = 0; path = SampleProject.app; sourceTree = BUILT_PRODUCTS_DIR; };
		B83F857A21039E17007B9333 /* AppDelegate.swift */ = {isa = PBXFileReference; lastKnownFileType = sourcecode.swift; path = AppDelegate.swift; sourceTree = "<group>"; };
		B83F857C21039E17007B9333 /* GameScene.sks */ = {isa = PBXFileReference; lastKnownFileType = file.sks; path = GameScene.sks; sourceTree = "<group>"; };
		B83F857E21039E17007B9333 /* Actions.sks */ = {isa = PBXFileReference; lastKnownFileType = file.sks; path = Actions.sks; sourceTree = "<group>"; };
		B83F858021039E17007B9333 /* GameScene.swift */ = {isa = PBXFileReference; lastKnownFileType = sourcecode.swift; path = GameScene.swift; sourceTree = "<group>"; };
		B83F858221039E17007B9333 /* GameViewController.swift */ = {isa = PBXFileReference; lastKnownFileType = sourcecode.swift; path = GameViewController.swift; sourceTree = "<group>"; };
		B83F858521039E17007B9333 /* Base */ = {isa = PBXFileReference; lastKnownFileType = file.storyboard; name = Base; path = Base.lproj/Main.storyboard; sourceTree = "<group>"; };
		B83F858721039E1D007B9333 /* Assets.xcassets */ = {isa = PBXFileReference; lastKnownFileType = folder.assetcatalog; path = Assets.xcassets; sourceTree = "<group>"; };
		B83F858A21039E1D007B9333 /* Base */ = {isa = PBXFileReference; lastKnownFileType = file.storyboard; name = Base; path = Base.lproj/LaunchScreen.storyboard; sourceTree = "<group>"; };
		B83F858C21039E1D007B9333 /* Info.plist */ = {isa = PBXFileReference; lastKnownFileType = text.plist.xml; path = Info.plist; sourceTree = "<group>"; };
		B83F859121039E1D007B9333 /* SampleProjectTests.xctest */ = {isa = PBXFileReference; explicitFileType = wrapper.cfbundle; includeInIndex = 0; path = SampleProjectTests.xctest; sourceTree = BUILT_PRODUCTS_DIR; };
		B83F859521039E1D007B9333 /* SampleProjectTests.swift */ = {isa = PBXFileReference; lastKnownFileType = sourcecode.swift; path = SampleProjectTests.swift; sourceTree = "<group>"; };
		B83F859721039E1D007B9333 /* Info.plist */ = {isa = PBXFileReference; lastKnownFileType = text.plist.xml; path = Info.plist; sourceTree = "<group>"; };
		B83F859C21039E1D007B9333 /* SampleProjectUITests.xctest */ = {isa = PBXFileReference; explicitFileType = wrapper.cfbundle; includeInIndex = 0; path = SampleProjectUITests.xctest; sourceTree = BUILT_PRODUCTS_DIR; };
		B83F85A021039E1D007B9333 /* SampleProjectUITests.swift */ = {isa = PBXFileReference; lastKnownFileType = sourcecode.swift; path = SampleProjectUITests.swift; sourceTree = "<group>"; };
		B83F85A221039E1D007B9333 /* Info.plist */ = {isa = PBXFileReference; lastKnownFileType = text.plist.xml; path = Info.plist; sourceTree = "<group>"; };
/* End PBXFileReference section */

/* Begin PBXFrameworksBuildPhase section */
		B83F857421039E17007B9333 /* Frameworks */ = {
			isa = PBXFrameworksBuildPhase;
			buildActionMask = 2147483647;
			files = (
			);
			runOnlyForDeploymentPostprocessing = 0;
		};
		B83F858E21039E1D007B9333 /* Frameworks */ = {
			isa = PBXFrameworksBuildPhase;
			buildActionMask = 2147483647;
			files = (
			);
			runOnlyForDeploymentPostprocessing = 0;
		};
		B83F859921039E1D007B9333 /* Frameworks */ = {
			isa = PBXFrameworksBuildPhase;
			buildActionMask = 2147483647;
			files = (
			);
			runOnlyForDeploymentPostprocessing = 0;
		};
/* End PBXFrameworksBuildPhase section */

/* Begin PBXGroup section */
		B83F856E21039E17007B9333 = {
			isa = PBXGroup;
			children = (
				B83F857921039E17007B9333 /* SampleProject */,
				B83F859421039E1D007B9333 /* SampleProjectTests */,
				B83F859F21039E1D007B9333 /* SampleProjectUITests */,
				B83F857821039E17007B9333 /* Products */,
			);
			sourceTree = "<group>";
		};
		B83F857821039E17007B9333 /* Products */ = {
			isa = PBXGroup;
			children = (
				B83F857721039E17007B9333 /* SampleProject.app */,
				B83F859121039E1D007B9333 /* SampleProjectTests.xctest */,
				B83F859C21039E1D007B9333 /* SampleProjectUITests.xctest */,
			);
			name = Products;
			sourceTree = "<group>";
		};
		B83F857921039E17007B9333 /* SampleProject */ = {
			isa = PBXGroup;
			children = (
				B83F857A21039E17007B9333 /* AppDelegate.swift */,
				B83F857C21039E17007B9333 /* GameScene.sks */,
				B83F858021039E17007B9333 /* GameScene.swift */,
				B83F857E21039E17007B9333 /* Actions.sks */,
				B83F858221039E17007B9333 /* GameViewController.swift */,
				B83F858421039E17007B9333 /* Main.storyboard */,
				B83F858721039E1D007B9333 /* Assets.xcassets */,
				B83F858921039E1D007B9333 /* LaunchScreen.storyboard */,
				B83F858C21039E1D007B9333 /* Info.plist */,
			);
			path = SampleProject;
			sourceTree = "<group>";
		};
		B83F859421039E1D007B9333 /* SampleProjectTests */ = {
			isa = PBXGroup;
			children = (
				B83F859521039E1D007B9333 /* SampleProjectTests.swift */,
				B83F859721039E1D007B9333 /* Info.plist */,
			);
			path = SampleProjectTests;
			sourceTree = "<group>";
		};
		B83F859F21039E1D007B9333 /* SampleProjectUITests */ = {
			isa = PBXGroup;
			children = (
				B83F85A021039E1D007B9333 /* SampleProjectUITests.swift */,
				B83F85A221039E1D007B9333 /* Info.plist */,
			);
			path = SampleProjectUITests;
			sourceTree = "<group>";
		};
/* End PBXGroup section */

/* Begin PBXNativeTarget section */
		B83F857621039E17007B9333 /* SampleProject */ = {
			isa = PBXNativeTarget;
			buildConfigurationList = B83F85A521039E1D007B9333 /* Build configuration list for PBXNativeTarget "SampleProject" */;
			buildPhases = (
				B83F857321039E17007B9333 /* Sources */,
				B83F857421039E17007B9333 /* Frameworks */,
				B83F857521039E17007B9333 /* Resources */,
			);
			buildRules = (
			);
			dependencies = (
			);
			name = SampleProject;
			productName = SampleProject;
			productReference = B83F857721039E17007B9333 /* SampleProject.app */;
			productType = "com.apple.product-type.application";
		};
		B83F859021039E1D007B9333 /* SampleProjectTests */ = {
			isa = PBXNativeTarget;
			buildConfigurationList = B83F85A821039E1D007B9333 /* Build configuration list for PBXNativeTarget "SampleProjectTests" */;
			buildPhases = (
				B83F858D21039E1D007B9333 /* Sources */,
				B83F858E21039E1D007B9333 /* Frameworks */,
				B83F858F21039E1D007B9333 /* Resources */,
			);
			buildRules = (
			);
			dependencies = (
				B83F859321039E1D007B9333 /* PBXTargetDependency */,
			);
			name = SampleProjectTests;
			productName = SampleProjectTests;
			productReference = B83F859121039E1D007B9333 /* SampleProjectTests.xctest */;
			productType = "com.apple.product-type.bundle.unit-test";
		};
		B83F859B21039E1D007B9333 /* SampleProjectUITests */ = {
			isa = PBXNativeTarget;
			buildConfigurationList = B83F85AB21039E1D007B9333 /* Build configuration list for PBXNativeTarget "SampleProjectUITests" */;
			buildPhases = (
				B83F859821039E1D007B9333 /* Sources */,
				B83F859921039E1D007B9333 /* Frameworks */,
				B83F859A21039E1D007B9333 /* Resources */,
			);
			buildRules = (
			);
			dependencies = (
				B83F859E21039E1D007B9333 /* PBXTargetDependency */,
			);
			name = SampleProjectUITests;
			productName = SampleProjectUITests;
			productReference = B83F859C21039E1D007B9333 /* SampleProjectUITests.xctest */;
			productType = "com.apple.product-type.bundle.ui-testing";
		};
/* End PBXNativeTarget section */

/* Begin PBXProject section */
		B83F856F21039E17007B9333 /* Project object */ = {
			isa = PBXProject;
			attributes = {
				LastSwiftUpdateCheck = 0940;
				LastUpgradeCheck = 0940;
				ORGANIZATIONNAME = Full;
				TargetAttributes = {
					B83F857621039E17007B9333 = {
						CreatedOnToolsVersion = 9.4.1;
					};
					B83F859021039E1D007B9333 = {
						CreatedOnToolsVersion = 9.4.1;
						TestTargetID = B83F857621039E17007B9333;
					};
					B83F859B21039E1D007B9333 = {
						CreatedOnToolsVersion = 9.4.1;
						TestTargetID = B83F857621039E17007B9333;
					};
				};
			};
			buildConfigurationList = B83F857221039E17007B9333 /* Build configuration list for PBXProject "SampleProject" */;
			compatibilityVersion = "Xcode 9.3";
			developmentRegion = en;
			hasScannedForEncodings = 0;
			knownRegions = (
				en,
				Base,
			);
			mainGroup = B83F856E21039E17007B9333;
			productRefGroup = B83F857821039E17007B9333 /* Products */;
			projectDirPath = "";
			projectRoot = "";
			targets = (
				B83F857621039E17007B9333 /* SampleProject */,
				B83F859021039E1D007B9333 /* SampleProjectTests */,
				B83F859B21039E1D007B9333 /* SampleProjectUITests */,
			);
		};
/* End PBXProject section */

/* Begin PBXResourcesBuildPhase section */
		B83F857521039E17007B9333 /* Resources */ = {
			isa = PBXResourcesBuildPhase;
			buildActionMask = 2147483647;
			files = (
				B83F858621039E17007B9333 /* Main.storyboard in Resources */,
				B83F857D21039E17007B9333 /* GameScene.sks in Resources */,
				B83F858821039E1D007B9333 /* Assets.xcassets in Resources */,
				B83F858B21039E1D007B9333 /* LaunchScreen.storyboard in Resources */,
				B83F857F21039E17007B9333 /* Actions.sks in Resources */,
			);
			runOnlyForDeploymentPostprocessing = 0;
		};
		B83F858F21039E1D007B9333 /* Resources */ = {
			isa = PBXResourcesBuildPhase;
			buildActionMask = 2147483647;
			files = (
			);
			runOnlyForDeploymentPostprocessing = 0;
		};
		B83F859A21039E1D007B9333 /* Resources */ = {
			isa = PBXResourcesBuildPhase;
			buildActionMask = 2147483647;
			files = (
			);
			runOnlyForDeploymentPostprocessing = 0;
		};
/* End PBXResourcesBuildPhase section */

/* Begin PBXSourcesBuildPhase section */
		B83F857321039E17007B9333 /* Sources */ = {
			isa = PBXSourcesBuildPhase;
			buildActionMask = 2147483647;
			files = (
				B83F858121039E17007B9333 /* GameScene.swift in Sources */,
				B83F858321039E17007B9333 /* GameViewController.swift in Sources */,
				B83F857B21039E17007B9333 /* AppDelegate.swift in Sources */,
			);
			runOnlyForDeploymentPostprocessing = 0;
		};
		B83F858D21039E1D007B9333 /* Sources */ = {
			isa = PBXSourcesBuildPhase;
			buildActionMask = 2147483647;
			files = (
				B83F859621039E1D007B9333 /* SampleProjectTests.swift in Sources */,
			);
			runOnlyForDeploymentPostprocessing = 0;
		};
		B83F859821039E1D007B9333 /* Sources */ = {
			isa = PBXSourcesBuildPhase;
			buildActionMask = 2147483647;
			files = (
				B83F85A121039E1D007B9333 /* SampleProjectUITests.swift in Sources */,
			);
			runOnlyForDeploymentPostprocessing = 0;
		};
/* End PBXSourcesBuildPhase section */

/* Begin PBXTargetDependency section */
		B83F859321039E1D007B9333 /* PBXTargetDependency */ = {
			isa = PBXTargetDependency;
			target = B83F857621039E17007B9333 /* SampleProject */;
			targetProxy = B83F859221039E1D007B9333 /* PBXContainerItemProxy */;
		};
		B83F859E21039E1D007B9333 /* PBXTargetDependency */ = {
			isa = PBXTargetDependency;
			target = B83F857621039E17007B9333 /* SampleProject */;
			targetProxy = B83F859D21039E1D007B9333 /* PBXContainerItemProxy */;
		};
/* End PBXTargetDependency section */

/* Begin PBXVariantGroup section */
		B83F858421039E17007B9333 /* Main.storyboard */ = {
			isa = PBXVariantGroup;
			children = (
				B83F858521039E17007B9333 /* Base */,
			);
			name = Main.storyboard;
			sourceTree = "<group>";
		};
		B83F858921039E1D007B9333 /* LaunchScreen.storyboard */ = {
			isa = PBXVariantGroup;
			children = (
				B83F858A21039E1D007B9333 /* Base */,
			);
			name = LaunchScreen.storyboard;
			sourceTree = "<group>";
		};
/* End PBXVariantGroup section */

/* Begin XCBuildConfiguration section */
		B83F85A321039E1D007B9333 /* Debug */ = {
			isa = XCBuildConfiguration;
			buildSettings = {
				ALWAYS_SEARCH_USER_PATHS = NO;
				CLANG_ANALYZER_NONNULL = YES;
				CLANG_ANALYZER_NUMBER_OBJECT_CONVERSION = YES_AGGRESSIVE;
				CLANG_CXX_LANGUAGE_STANDARD = "gnu++14";
				CLANG_CXX_LIBRARY = "libc++";
				CLANG_ENABLE_MODULES = YES;
				CLANG_ENABLE_OBJC_ARC = YES;
				CLANG_ENABLE_OBJC_WEAK = YES;
				CLANG_WARN_BLOCK_CAPTURE_AUTORELEASING = YES;
				CLANG_WARN_BOOL_CONVERSION = YES;
				CLANG_WARN_COMMA = YES;
				CLANG_WARN_CONSTANT_CONVERSION = YES;
				CLANG_WARN_DEPRECATED_OBJC_IMPLEMENTATIONS = YES;
				CLANG_WARN_DIRECT_OBJC_ISA_USAGE = YES_ERROR;
				CLANG_WARN_DOCUMENTATION_COMMENTS = YES;
				CLANG_WARN_EMPTY_BODY = YES;
				CLANG_WARN_ENUM_CONVERSION = YES;
				CLANG_WARN_INFINITE_RECURSION = YES;
				CLANG_WARN_INT_CONVERSION = YES;
				CLANG_WARN_NON_LITERAL_NULL_CONVERSION = YES;
				CLANG_WARN_OBJC_IMPLICIT_RETAIN_SELF = YES;
				CLANG_WARN_OBJC_LITERAL_CONVERSION = YES;
				CLANG_WARN_OBJC_ROOT_CLASS = YES_ERROR;
				CLANG_WARN_RANGE_LOOP_ANALYSIS = YES;
				CLANG_WARN_STRICT_PROTOTYPES = YES;
				CLANG_WARN_SUSPICIOUS_MOVE = YES;
				CLANG_WARN_UNGUARDED_AVAILABILITY = YES_AGGRESSIVE;
				CLANG_WARN_UNREACHABLE_CODE = YES;
				CLANG_WARN__DUPLICATE_METHOD_MATCH = YES;
				CODE_SIGN_IDENTITY = "iPhone Developer";
				COPY_PHASE_STRIP = NO;
				DEBUG_INFORMATION_FORMAT = dwarf;
				ENABLE_STRICT_OBJC_MSGSEND = YES;
				ENABLE_TESTABILITY = YES;
				GCC_C_LANGUAGE_STANDARD = gnu11;
				GCC_DYNAMIC_NO_PIC = NO;
				GCC_NO_COMMON_BLOCKS = YES;
				GCC_OPTIMIZATION_LEVEL = 0;
				GCC_PREPROCESSOR_DEFINITIONS = (
					"DEBUG=1",
					"$(inherited)",
				);
				GCC_WARN_64_TO_32_BIT_CONVERSION = YES;
				GCC_WARN_ABOUT_RETURN_TYPE = YES_ERROR;
				GCC_WARN_UNDECLARED_SELECTOR = YES;
				GCC_WARN_UNINITIALIZED_AUTOS = YES_AGGRESSIVE;
				GCC_WARN_UNUSED_FUNCTION = YES;
				GCC_WARN_UNUSED_VARIABLE = YES;
				IPHONEOS_DEPLOYMENT_TARGET = 11.4;
				MTL_ENABLE_DEBUG_INFO = YES;
				ONLY_ACTIVE_ARCH = YES;
				SDKROOT = iphoneos;
				SWIFT_ACTIVE_COMPILATION_CONDITIONS = DEBUG;
				SWIFT_OPTIMIZATION_LEVEL = "-Onone";
			};
			name = Debug;
		};
		B83F85A421039E1D007B9333 /* Release */ = {
			isa = XCBuildConfiguration;
			buildSettings = {
				ALWAYS_SEARCH_USER_PATHS = NO;
				CLANG_ANALYZER_NONNULL = YES;
				CLANG_ANALYZER_NUMBER_OBJECT_CONVERSION = YES_AGGRESSIVE;
				CLANG_CXX_LANGUAGE_STANDARD = "gnu++14";
				CLANG_CXX_LIBRARY = "libc++";
				CLANG_ENABLE_MODULES = YES;
				CLANG_ENABLE_OBJC_ARC = YES;
				CLANG_ENABLE_OBJC_WEAK = YES;
				CLANG_WARN_BLOCK_CAPTURE_AUTORELEASING = YES;
				CLANG_WARN_BOOL_CONVERSION = YES;
				CLANG_WARN_COMMA = YES;
				CLANG_WARN_CONSTANT_CONVERSION = YES;
				CLANG_WARN_DEPRECATED_OBJC_IMPLEMENTATIONS = YES;
				CLANG_WARN_DIRECT_OBJC_ISA_USAGE = YES_ERROR;
				CLANG_WARN_DOCUMENTATION_COMMENTS = YES;
				CLANG_WARN_EMPTY_BODY = YES;
				CLANG_WARN_ENUM_CONVERSION = YES;
				CLANG_WARN_INFINITE_RECURSION = YES;
				CLANG_WARN_INT_CONVERSION = YES;
				CLANG_WARN_NON_LITERAL_NULL_CONVERSION = YES;
				CLANG_WARN_OBJC_IMPLICIT_RETAIN_SELF = YES;
				CLANG_WARN_OBJC_LITERAL_CONVERSION = YES;
				CLANG_WARN_OBJC_ROOT_CLASS = YES_ERROR;
				CLANG_WARN_RANGE_LOOP_ANALYSIS = YES;
				CLANG_WARN_STRICT_PROTOTYPES = YES;
				CLANG_WARN_SUSPICIOUS_MOVE = YES;
				CLANG_WARN_UNGUARDED_AVAILABILITY = YES_AGGRESSIVE;
				CLANG_WARN_UNREACHABLE_CODE = YES;
				CLANG_WARN__DUPLICATE_METHOD_MATCH = YES;
				CODE_SIGN_IDENTITY = "iPhone Developer";
				COPY_PHASE_STRIP = NO;
				DEBUG_INFORMATION_FORMAT = "dwarf-with-dsym";
				ENABLE_NS_ASSERTIONS = NO;
				ENABLE_STRICT_OBJC_MSGSEND = YES;
				GCC_C_LANGUAGE_STANDARD = gnu11;
				GCC_NO_COMMON_BLOCKS = YES;
				GCC_WARN_64_TO_32_BIT_CONVERSION = YES;
				GCC_WARN_ABOUT_RETURN_TYPE = YES_ERROR;
				GCC_WARN_UNDECLARED_SELECTOR = YES;
				GCC_WARN_UNINITIALIZED_AUTOS = YES_AGGRESSIVE;
				GCC_WARN_UNUSED_FUNCTION = YES;
				GCC_WARN_UNUSED_VARIABLE = YES;
				IPHONEOS_DEPLOYMENT_TARGET = 11.4;
				MTL_ENABLE_DEBUG_INFO = NO;
				SDKROOT = iphoneos;
				SWIFT_COMPILATION_MODE = wholemodule;
				SWIFT_OPTIMIZATION_LEVEL = "-O";
				VALIDATE_PRODUCT = YES;
			};
			name = Release;
		};
		B83F85A621039E1D007B9333 /* Debug */ = {
			isa = XCBuildConfiguration;
			buildSettings = {
				ASSETCATALOG_COMPILER_APPICON_NAME = AppIcon;
				CODE_SIGN_STYLE = Automatic;
				DEVELOPMENT_TEAM = RN9B3HQA89;
				INFOPLIST_FILE = SampleProject/Info.plist;
				LD_RUNPATH_SEARCH_PATHS = (
					"$(inherited)",
					"@executable_path/Frameworks",
				);
				PRODUCT_BUNDLE_IDENTIFIER = com.full.SampleProj.SampleProject;
				PRODUCT_NAME = "$(TARGET_NAME)";
				SWIFT_VERSION = 4.0;
				TARGETED_DEVICE_FAMILY = "1,2";
			};
			name = Debug;
		};
		B83F85A721039E1D007B9333 /* Release */ = {
			isa = XCBuildConfiguration;
			buildSettings = {
				ASSETCATALOG_COMPILER_APPICON_NAME = AppIcon;
				CODE_SIGN_STYLE = Automatic;
				DEVELOPMENT_TEAM = RN9B3HQA89;
				INFOPLIST_FILE = SampleProject/Info.plist;
				LD_RUNPATH_SEARCH_PATHS = (
					"$(inherited)",
					"@executable_path/Frameworks",
				);
				PRODUCT_BUNDLE_IDENTIFIER = com.full.SampleProj.SampleProject;
				PRODUCT_NAME = "$(TARGET_NAME)";
				SWIFT_VERSION = 4.0;
				TARGETED_DEVICE_FAMILY = "1,2";
			};
			name = Release;
		};
		B83F85A921039E1D007B9333 /* Debug */ = {
			isa = XCBuildConfiguration;
			buildSettings = {
				ALWAYS_EMBED_SWIFT_STANDARD_LIBRARIES = YES;
				BUNDLE_LOADER = "$(TEST_HOST)";
				CODE_SIGN_STYLE = Automatic;
				DEVELOPMENT_TEAM = RN9B3HQA89;
				INFOPLIST_FILE = SampleProjectTests/Info.plist;
				LD_RUNPATH_SEARCH_PATHS = (
					"$(inherited)",
					"@executable_path/Frameworks",
					"@loader_path/Frameworks",
				);
				PRODUCT_BUNDLE_IDENTIFIER = com.full.SampleProj.SampleProjectTests;
				PRODUCT_NAME = "$(TARGET_NAME)";
				SWIFT_VERSION = 4.0;
				TARGETED_DEVICE_FAMILY = "1,2";
				TEST_HOST = "$(BUILT_PRODUCTS_DIR)/SampleProject.app/SampleProject";
			};
			name = Debug;
		};
		B83F85AA21039E1D007B9333 /* Release */ = {
			isa = XCBuildConfiguration;
			buildSettings = {
				ALWAYS_EMBED_SWIFT_STANDARD_LIBRARIES = YES;
				BUNDLE_LOADER = "$(TEST_HOST)";
				CODE_SIGN_STYLE = Automatic;
				DEVELOPMENT_TEAM = RN9B3HQA89;
				INFOPLIST_FILE = SampleProjectTests/Info.plist;
				LD_RUNPATH_SEARCH_PATHS = (
					"$(inherited)",
					"@executable_path/Frameworks",
					"@loader_path/Frameworks",
				);
				PRODUCT_BUNDLE_IDENTIFIER = com.full.SampleProj.SampleProjectTests;
				PRODUCT_NAME = "$(TARGET_NAME)";
				SWIFT_VERSION = 4.0;
				TARGETED_DEVICE_FAMILY = "1,2";
				TEST_HOST = "$(BUILT_PRODUCTS_DIR)/SampleProject.app/SampleProject";
			};
			name = Release;
		};
		B83F85AC21039E1D007B9333 /* Debug */ = {
			isa = XCBuildConfiguration;
			buildSettings = {
				ALWAYS_EMBED_SWIFT_STANDARD_LIBRARIES = YES;
				CODE_SIGN_STYLE = Automatic;
				DEVELOPMENT_TEAM = RN9B3HQA89;
				INFOPLIST_FILE = SampleProjectUITests/Info.plist;
				LD_RUNPATH_SEARCH_PATHS = (
					"$(inherited)",
					"@executable_path/Frameworks",
					"@loader_path/Frameworks",
				);
				PRODUCT_BUNDLE_IDENTIFIER = com.full.SampleProj.SampleProjectUITests;
				PRODUCT_NAME = "$(TARGET_NAME)";
				SWIFT_VERSION = 4.0;
				TARGETED_DEVICE_FAMILY = "1,2";
				TEST_TARGET_NAME = SampleProject;
			};
			name = Debug;
		};
		B83F85AD21039E1D007B9333 /* Release */ = {
			isa = XCBuildConfiguration;
			buildSettings = {
				ALWAYS_EMBED_SWIFT_STANDARD_LIBRARIES = YES;
				CODE_SIGN_STYLE = Automatic;
				DEVELOPMENT_TEAM = RN9B3HQA89;
				INFOPLIST_FILE = SampleProjectUITests/Info.plist;
				LD_RUNPATH_SEARCH_PATHS = (
					"$(inherited)",
					"@executable_path/Frameworks",
					"@loader_path/Frameworks",
				);
				PRODUCT_BUNDLE_IDENTIFIER = com.full.SampleProj.SampleProjectUITests;
				PRODUCT_NAME = "$(TARGET_NAME)";
				SWIFT_VERSION = 4.0;
				TARGETED_DEVICE_FAMILY = "1,2";
				TEST_TARGET_NAME = SampleProject;
			};
			name = Release;
		};
/* End XCBuildConfiguration section */

/* Begin XCConfigurationList section */
		B83F857221039E17007B9333 /* Build configuration list for PBXProject "SampleProject" */ = {
			isa = XCConfigurationList;
			buildConfigurations = (
				B83F85A321039E1D007B9333 /* Debug */,
				B83F85A421039E1D007B9333 /* Release */,
			);
			defaultConfigurationIsVisible = 0;
			defaultConfigurationName = Release;
		};
		B83F85A521039E1D007B9333 /* Build configuration list for PBXNativeTarget "SampleProject" */ = {
			isa = XCConfigurationList;
			buildConfigurations = (
				B83F85A621039E1D007B9333 /* Debug */,
				B83F85A721039E1D007B9333 /* Release */,
			);
			defaultConfigurationIsVisible = 0;
			defaultConfigurationName = Release;
		};
		B83F85A821039E1D007B9333 /* Build configuration list for PBXNativeTarget "SampleProjectTests" */ = {
			isa = XCConfigurationList;
			buildConfigurations = (
				B83F85A921039E1D007B9333 /* Debug */,
				B83F85AA21039E1D007B9333 /* Release */,
			);
			defaultConfigurationIsVisible = 0;
			defaultConfigurationName = Release;
		};
		B83F85AB21039E1D007B9333 /* Build configuration list for PBXNativeTarget "SampleProjectUITests" */ = {
			isa = XCConfigurationList;
			buildConfigurations = (
				B83F85AC21039E1D007B9333 /* Debug */,
				B83F85AD21039E1D007B9333 /* Release */,
			);
			defaultConfigurationIsVisible = 0;
			defaultConfigurationName = Release;
		};
/* End XCConfigurationList section */
	};
	rootObject = B83F856F21039E17007B9333 /* Project object */;
}
